
Microsoft Visual Studio Solution File, Format Version 12.00
# Visual Studio Version 17
VisualStudioVersion = 17.13.35825.156
MinimumVisualStudioVersion = 10.0.40219.1
Project("{2150E333-8FDC-42A3-9474-1A3956D46DE8}") = "Chapter00", "Chapter00", "{DDB4EF12-CC4E-5E88-E6FC-71A802F4DE97}"
EndProject
Project("{FAE04EC0-301F-11D3-BF4B-00C04F79EFBC}") = "Sample0416", "Chapter00\Sample0416\Sample0416.csproj", "{B0FE59DE-3897-4B8F-B8E0-E7F3F5D50A6F}"
EndProject
Project("{FAE04EC0-301F-11D3-BF4B-00C04F79EFBC}") = "Sample0415", "Chapter00\Sample0415\Sample0415\Sample0415.csproj", "{D0F00D84-AD20-C5D6-67FE-85D6CB59A7CE}"
EndProject
Project("{FAE04EC0-301F-11D3-BF4B-00C04F79EFBC}") = "Sample0413", "Chapter00\Sample0413\Sample0413\Sample0413.csproj", "{EB11C1AF-3BBE-9D8B-B13B-CEF382F22312}"
EndProject
Project("{2150E333-8FDC-42A3-9474-1A3956D46DE8}") = "Solution Items", "Solution Items", "{CACE881E-8957-4513-839D-2B5FDD49F764}"
	ProjectSection(SolutionItems) = preProject
		.editorconfig = .editorconfig
		Chapter08\Section03\Program.cs = Chapter08\Section03\Program.cs
	EndProjectSection
EndProject
Project("{2150E333-8FDC-42A3-9474-1A3956D46DE8}") = "Chapter02", "Chapter02", "{4A91A97A-49DB-4F2C-AF4D-375A5BED1555}"
EndProject
Project("{2150E333-8FDC-42A3-9474-1A3956D46DE8}") = "距離換算プログラム", "距離換算プログラム", "{32852B25-1804-4A72-A3E8-54AEC34FAC4F}"
EndProject
Project("{2150E333-8FDC-42A3-9474-1A3956D46DE8}") = "Chapter01", "Chapter01", "{9FC33B9D-167C-4A12-9148-2E8150A7FCB5}"
EndProject
Project("{FAE04EC0-301F-11D3-BF4B-00C04F79EFBC}") = "DistanceConverter", "Chapter02\DistanceConverter\DistanceConverter.csproj", "{A5211B12-86D6-4DB6-B5D0-B2864F7A42A1}"
EndProject
Project("{2150E333-8FDC-42A3-9474-1A3956D46DE8}") = "Chapter04", "Chapter04", "{D6022713-1225-48B5-A892-A7BB49D66F29}"
EndProject
Project("{2150E333-8FDC-42A3-9474-1A3956D46DE8}") = "P108_文字列を数値に変化する", "P108_文字列を数値に変化する", "{7DEFDC06-68A4-4F23-9ABC-246B9F69F381}"
EndProject
Project("{FAE04EC0-301F-11D3-BF4B-00C04F79EFBC}") = "Code4_36", "Chapter04\文字列を数値に変換する\Code4_36\Code4_36.csproj", "{F65FAF9D-A868-4AB7-8BDB-36DB5ECD62A5}"
EndProject
Project("{2150E333-8FDC-42A3-9474-1A3956D46DE8}") = "売上集計プログラム", "売上集計プログラム", "{653317A4-79C4-4AA7-8569-86FD6C558A2C}"
EndProject
Project("{FAE04EC0-301F-11D3-BF4B-00C04F79EFBC}") = "SalesCalculator", "Chapter02\売上集計プログラム\SalesCalculator\SalesCalculator.csproj", "{B11857AF-4343-4E64-92E9-4423DAA84995}"
EndProject
Project("{2150E333-8FDC-42A3-9474-1A3956D46DE8}") = "演習問題", "演習問題", "{48A13E91-C95F-4212-9449-A9510173B009}"
EndProject
Project("{FAE04EC0-301F-11D3-BF4B-00C04F79EFBC}") = "Exercise01", "Chapter02\演習問題\Exercise01\Exercise01.csproj", "{EC0FF1E3-2C99-4CF5-82C0-081ABB972AE3}"
EndProject
Project("{FAE04EC0-301F-11D3-BF4B-00C04F79EFBC}") = "Exercise02", "Chapter02\演習問題\Exercise02\Exercise02.csproj", "{821259F8-80B7-44ED-89E9-B6216F61AAA6}"
EndProject
Project("{2150E333-8FDC-42A3-9474-1A3956D46DE8}") = "Chapter03", "Chapter03", "{9DA663AC-2D9E-42A5-9A61-EF358188B05A}"
EndProject
Project("{2150E333-8FDC-42A3-9474-1A3956D46DE8}") = "ラムダ式とLINQ", "ラムダ式とLINQ", "{06BE2617-BC89-4240-B6B8-81F2C0A536FB}"
EndProject
Project("{FAE04EC0-301F-11D3-BF4B-00C04F79EFBC}") = "Section01", "Chapter03\ラムダ式とLINQ\Section01\Section01.csproj", "{88914CBE-FD70-455E-9748-8AD6D2004C10}"
EndProject
Project("{FAE04EC0-301F-11D3-BF4B-00C04F79EFBC}") = "Section04", "Chapter03\ラムダ式とLINQ\Section04\Section04.csproj", "{D0767246-B77D-49E7-B633-86A53A8FB68B}"
EndProject
Project("{2150E333-8FDC-42A3-9474-1A3956D46DE8}") = "演習問題", "演習問題", "{74E68458-35F8-4F56-8781-AC7BC8D6871D}"
EndProject
Project("{FAE04EC0-301F-11D3-BF4B-00C04F79EFBC}") = "Exercise01", "Chapter03\演習問題\Exercise01\Exercise01.csproj", "{72534389-8787-4797-9A71-73D5EAECFE0D}"
EndProject
Project("{FAE04EC0-301F-11D3-BF4B-00C04F79EFBC}") = "Exercise02", "Chapter03\演習問題\Exercise02\Exercise02.csproj", "{9661600F-9E2E-EC39-AFA2-64DBC15CE967}"
EndProject
Project("{2150E333-8FDC-42A3-9474-1A3956D46DE8}") = "P098_nullに関するイディオム", "P098_nullに関するイディオム", "{40227E78-9863-4634-82D7-A6D594EA6CD5}"
EndProject
Project("{FAE04EC0-301F-11D3-BF4B-00C04F79EFBC}") = "Section04", "Chapter04\nullに関するイディオム\Section04\Section04.csproj", "{0F3FA7DD-FFE5-40CB-8A86-D63744815939}"
EndProject
Project("{2150E333-8FDC-42A3-9474-1A3956D46DE8}") = "演習問題", "演習問題", "{3E0F6524-4F9C-4B13-9244-6C2509E511DF}"
EndProject
Project("{FAE04EC0-301F-11D3-BF4B-00C04F79EFBC}") = "Exercise01", "Chapter04\演習問題\Exercise01\Exercise01.csproj", "{2DCD27AA-EDCA-4C72-9878-2170C869EA53}"
EndProject
Project("{FAE04EC0-301F-11D3-BF4B-00C04F79EFBC}") = "Exercise02", "Chapter04\演習問題\P112問題4_2のプロジェクト\Exercise02\Exercise02\Exercise02.csproj", "{7444CDB9-AE51-0799-334F-264260487F44}"
EndProject
Project("{2150E333-8FDC-42A3-9474-1A3956D46DE8}") = "Chapter05", "Chapter05", "{7F20354B-2D38-4754-ACE7-AC043F9BA6E9}"
EndProject
Project("{2150E333-8FDC-42A3-9474-1A3956D46DE8}") = "プロパティに関するイディオム", "プロパティに関するイディオム", "{D8FCAFE3-7E89-4B94-91E4-975C15A59D06}"
EndProject
Project("{FAE04EC0-301F-11D3-BF4B-00C04F79EFBC}") = "Section01", "Chapter05\プロパティに関するイディオム\Section01\Section01.csproj", "{0BB33682-F356-4469-8BE3-B76BC8D5B456}"
EndProject
Project("{2150E333-8FDC-42A3-9474-1A3956D46DE8}") = "メソッドに関するイディオム", "メソッドに関するイディオム", "{D69E0556-7426-478E-BC88-255ED15F21A0}"
EndProject
Project("{FAE04EC0-301F-11D3-BF4B-00C04F79EFBC}") = "Section02", "Chapter05\メソッドに関するイディオム\Section02\Section02.csproj", "{1B154320-520B-4BB1-B982-628841C9D34A}"
EndProject
Project("{2150E333-8FDC-42A3-9474-1A3956D46DE8}") = "演習問題", "演習問題", "{45446F3B-9051-4776-A30C-2C2E2E059078}"
EndProject
Project("{FAE04EC0-301F-11D3-BF4B-00C04F79EFBC}") = "Exercise01", "Chapter05\演習問題\Exercise01\Exercise01.csproj", "{22736329-D662-8EB0-EAA0-613461B8CE86}"
EndProject
Project("{FAE04EC0-301F-11D3-BF4B-00C04F79EFBC}") = "Exercise02", "Chapter05\演習問題\Exercise02\Exercise02.csproj", "{A3ACA33D-6226-7668-2993-2FC9EA8C783B}"
EndProject
Project("{FAE04EC0-301F-11D3-BF4B-00C04F79EFBC}") = "Exercise03", "Chapter05\演習問題\Exercise03\Exercise03.csproj", "{44F41016-9AFE-45B0-9286-256096001E3B}"
EndProject
Project("{2150E333-8FDC-42A3-9474-1A3956D46DE8}") = "Chapter06", "Chapter06", "{41310E80-CA08-43D7-8B2C-69D1ED8D462B}"
EndProject
Project("{2150E333-8FDC-42A3-9474-1A3956D46DE8}") = "文字列の比較", "文字列の比較", "{1767C7E7-FAF0-4E2D-8B84-BC8042FCAF43}"
EndProject
Project("{FAE04EC0-301F-11D3-BF4B-00C04F79EFBC}") = "Section01", "Chapter06\文字列の比較\Section01\Section01.csproj", "{8A661BE5-6B07-4934-8B4E-BBF38AF87B66}"
EndProject
Project("{2150E333-8FDC-42A3-9474-1A3956D46DE8}") = "演習問題", "演習問題", "{144DAD86-AF2C-4FE4-A223-407BB4B56EE5}"
EndProject
Project("{FAE04EC0-301F-11D3-BF4B-00C04F79EFBC}") = "Exercise01", "Chapter06\演習問題\Exercise01\Exercise01.csproj", "{4F4155B3-BB0F-4041-A4AF-736950AC7357}"
EndProject
Project("{FAE04EC0-301F-11D3-BF4B-00C04F79EFBC}") = "Exercise02", "Chapter06\演習問題\Exercise02\Exercise02.csproj", "{ADCF6E14-5716-44D0-B7CC-CFB2D7353A55}"
EndProject
Project("{FAE04EC0-301F-11D3-BF4B-00C04F79EFBC}") = "Exercise03", "Chapter06\演習問題\Exercise03\Exercise03.csproj", "{766DC129-B7E6-6BE5-67FF-02794A6C9D6A}"
EndProject
Project("{2150E333-8FDC-42A3-9474-1A3956D46DE8}") = "文字列の連結と分割", "文字列の連結と分割", "{7CD41C63-28D8-40E8-B2DD-EFA78641A040}"
EndProject
Project("{FAE04EC0-301F-11D3-BF4B-00C04F79EFBC}") = "Section05", "Chapter06\文字列の連結と分割\Section05\Section05.csproj", "{E87EF9FA-680C-49E1-B4C1-5CA3815284CF}"
EndProject
Project("{FAE04EC0-301F-11D3-BF4B-00C04F79EFBC}") = "Exercise04", "Chapter06\演習問題\Exercise04\Exercise04.csproj", "{8758FBDB-9295-0DA5-31B6-DA01667F06FB}"
EndProject
Project("{2150E333-8FDC-42A3-9474-1A3956D46DE8}") = "Chapter07", "Chapter07", "{558F1C6E-3523-49C2-A4B4-84DF757BD51D}"
EndProject
Project("{2150E333-8FDC-42A3-9474-1A3956D46DE8}") = "演習問題", "演習問題", "{E14B0FF8-9DDB-4054-A219-6DEC583F102D}"
EndProject
Project("{FAE04EC0-301F-11D3-BF4B-00C04F79EFBC}") = "Section01", "Chapter07\Section01\Section01.csproj", "{3149AAE5-0505-4B30-8CC6-3E7AD25B5D76}"
EndProject
Project("{FAE04EC0-301F-11D3-BF4B-00C04F79EFBC}") = "Exercise01", "Chapter07\演習問題\Exercise01\Exercise01.csproj", "{E4E798CB-51C6-4536-BF73-3F52D3B2DF87}"
EndProject
Project("{FAE04EC0-301F-11D3-BF4B-00C04F79EFBC}") = "Exercise02", "Chapter07\演習問題\Exercise02\Exercise02.csproj", "{09D01F2D-A9C1-7ADF-ACF0-6CE8655624B3}"
EndProject
Project("{2150E333-8FDC-42A3-9474-1A3956D46DE8}") = "TestProject", "TestProject", "{48124002-8FAB-4972-AADE-0BF9A331A7D2}"
EndProject
Project("{FAE04EC0-301F-11D3-BF4B-00C04F79EFBC}") = "Test01_01", "TestProject\Test01_01\Test01_01.csproj", "{B8441293-5D7D-B752-6216-4C5005BF772D}"
EndProject
Project("{FAE04EC0-301F-11D3-BF4B-00C04F79EFBC}") = "Test01_02", "TestProject\Test01_02\Test01_02.csproj", "{D7F347E4-C87C-CC1A-89F8-6D28A7CCB4B3}"
EndProject
Project("{2150E333-8FDC-42A3-9474-1A3956D46DE8}") = "Chapter08", "Chapter08", "{7AE10522-0016-4C63-8B2E-3DE58C44447C}"
EndProject
Project("{FAE04EC0-301F-11D3-BF4B-00C04F79EFBC}") = "Section01", "Chapter08\Section01\Section01.csproj", "{9DE3EEFB-1640-4307-B456-4D3BBE590722}"
EndProject
Project("{FAE04EC0-301F-11D3-BF4B-00C04F79EFBC}") = "Section02", "Chapter08\Section02\Section02.csproj", "{C8916E28-EDCA-48EE-9577-46D0E722FC7B}"
EndProject
Project("{FAE04EC0-301F-11D3-BF4B-00C04F79EFBC}") = "Section03", "Chapter08\Section03\Section03.csproj", "{D1C3628D-6B4C-443B-8355-E48F161662E6}"
EndProject
Project("{2150E333-8FDC-42A3-9474-1A3956D46DE8}") = "演習問題", "演習問題", "{2338BAF3-C51E-4B0C-AAAA-1C597D9107B9}"
EndProject
Project("{FAE04EC0-301F-11D3-BF4B-00C04F79EFBC}") = "Exercise01", "Chapter08\演習問題\Exercise01\Exercise01.csproj", "{44894D55-7167-4CE9-B7FF-AB9429B7F982}"
EndProject
Project("{FAE04EC0-301F-11D3-BF4B-00C04F79EFBC}") = "Exercise02", "Chapter08\演習問題\Exercise02\Exercise02.csproj", "{06898B8A-CC27-A1B2-69C8-89831A372D7F}"
EndProject
Global
	GlobalSection(SolutionConfigurationPlatforms) = preSolution
		Debug|Any CPU = Debug|Any CPU
		Release|Any CPU = Release|Any CPU
	EndGlobalSection
	GlobalSection(ProjectConfigurationPlatforms) = postSolution
		{B0FE59DE-3897-4B8F-B8E0-E7F3F5D50A6F}.Debug|Any CPU.ActiveCfg = Debug|Any CPU
		{B0FE59DE-3897-4B8F-B8E0-E7F3F5D50A6F}.Debug|Any CPU.Build.0 = Debug|Any CPU
		{B0FE59DE-3897-4B8F-B8E0-E7F3F5D50A6F}.Release|Any CPU.ActiveCfg = Release|Any CPU
		{B0FE59DE-3897-4B8F-B8E0-E7F3F5D50A6F}.Release|Any CPU.Build.0 = Release|Any CPU
		{D0F00D84-AD20-C5D6-67FE-85D6CB59A7CE}.Debug|Any CPU.ActiveCfg = Debug|Any CPU
		{D0F00D84-AD20-C5D6-67FE-85D6CB59A7CE}.Debug|Any CPU.Build.0 = Debug|Any CPU
		{D0F00D84-AD20-C5D6-67FE-85D6CB59A7CE}.Release|Any CPU.ActiveCfg = Release|Any CPU
		{D0F00D84-AD20-C5D6-67FE-85D6CB59A7CE}.Release|Any CPU.Build.0 = Release|Any CPU
		{EB11C1AF-3BBE-9D8B-B13B-CEF382F22312}.Debug|Any CPU.ActiveCfg = Debug|Any CPU
		{EB11C1AF-3BBE-9D8B-B13B-CEF382F22312}.Debug|Any CPU.Build.0 = Debug|Any CPU
		{EB11C1AF-3BBE-9D8B-B13B-CEF382F22312}.Release|Any CPU.ActiveCfg = Release|Any CPU
		{EB11C1AF-3BBE-9D8B-B13B-CEF382F22312}.Release|Any CPU.Build.0 = Release|Any CPU
		{A5211B12-86D6-4DB6-B5D0-B2864F7A42A1}.Debug|Any CPU.ActiveCfg = Debug|Any CPU
		{A5211B12-86D6-4DB6-B5D0-B2864F7A42A1}.Debug|Any CPU.Build.0 = Debug|Any CPU
		{A5211B12-86D6-4DB6-B5D0-B2864F7A42A1}.Release|Any CPU.ActiveCfg = Release|Any CPU
		{A5211B12-86D6-4DB6-B5D0-B2864F7A42A1}.Release|Any CPU.Build.0 = Release|Any CPU
		{F65FAF9D-A868-4AB7-8BDB-36DB5ECD62A5}.Debug|Any CPU.ActiveCfg = Debug|Any CPU
		{F65FAF9D-A868-4AB7-8BDB-36DB5ECD62A5}.Debug|Any CPU.Build.0 = Debug|Any CPU
		{F65FAF9D-A868-4AB7-8BDB-36DB5ECD62A5}.Release|Any CPU.ActiveCfg = Release|Any CPU
		{F65FAF9D-A868-4AB7-8BDB-36DB5ECD62A5}.Release|Any CPU.Build.0 = Release|Any CPU
		{B11857AF-4343-4E64-92E9-4423DAA84995}.Debug|Any CPU.ActiveCfg = Debug|Any CPU
		{B11857AF-4343-4E64-92E9-4423DAA84995}.Debug|Any CPU.Build.0 = Debug|Any CPU
		{B11857AF-4343-4E64-92E9-4423DAA84995}.Release|Any CPU.ActiveCfg = Release|Any CPU
		{B11857AF-4343-4E64-92E9-4423DAA84995}.Release|Any CPU.Build.0 = Release|Any CPU
		{EC0FF1E3-2C99-4CF5-82C0-081ABB972AE3}.Debug|Any CPU.ActiveCfg = Debug|Any CPU
		{EC0FF1E3-2C99-4CF5-82C0-081ABB972AE3}.Debug|Any CPU.Build.0 = Debug|Any CPU
		{EC0FF1E3-2C99-4CF5-82C0-081ABB972AE3}.Release|Any CPU.ActiveCfg = Release|Any CPU
		{EC0FF1E3-2C99-4CF5-82C0-081ABB972AE3}.Release|Any CPU.Build.0 = Release|Any CPU
		{821259F8-80B7-44ED-89E9-B6216F61AAA6}.Debug|Any CPU.ActiveCfg = Debug|Any CPU
		{821259F8-80B7-44ED-89E9-B6216F61AAA6}.Debug|Any CPU.Build.0 = Debug|Any CPU
		{821259F8-80B7-44ED-89E9-B6216F61AAA6}.Release|Any CPU.ActiveCfg = Release|Any CPU
		{821259F8-80B7-44ED-89E9-B6216F61AAA6}.Release|Any CPU.Build.0 = Release|Any CPU
		{88914CBE-FD70-455E-9748-8AD6D2004C10}.Debug|Any CPU.ActiveCfg = Debug|Any CPU
		{88914CBE-FD70-455E-9748-8AD6D2004C10}.Debug|Any CPU.Build.0 = Debug|Any CPU
		{88914CBE-FD70-455E-9748-8AD6D2004C10}.Release|Any CPU.ActiveCfg = Release|Any CPU
		{88914CBE-FD70-455E-9748-8AD6D2004C10}.Release|Any CPU.Build.0 = Release|Any CPU
		{D0767246-B77D-49E7-B633-86A53A8FB68B}.Debug|Any CPU.ActiveCfg = Debug|Any CPU
		{D0767246-B77D-49E7-B633-86A53A8FB68B}.Debug|Any CPU.Build.0 = Debug|Any CPU
		{D0767246-B77D-49E7-B633-86A53A8FB68B}.Release|Any CPU.ActiveCfg = Release|Any CPU
		{D0767246-B77D-49E7-B633-86A53A8FB68B}.Release|Any CPU.Build.0 = Release|Any CPU
		{72534389-8787-4797-9A71-73D5EAECFE0D}.Debug|Any CPU.ActiveCfg = Debug|Any CPU
		{72534389-8787-4797-9A71-73D5EAECFE0D}.Debug|Any CPU.Build.0 = Debug|Any CPU
		{72534389-8787-4797-9A71-73D5EAECFE0D}.Release|Any CPU.ActiveCfg = Release|Any CPU
		{72534389-8787-4797-9A71-73D5EAECFE0D}.Release|Any CPU.Build.0 = Release|Any CPU
		{9661600F-9E2E-EC39-AFA2-64DBC15CE967}.Debug|Any CPU.ActiveCfg = Debug|Any CPU
		{9661600F-9E2E-EC39-AFA2-64DBC15CE967}.Debug|Any CPU.Build.0 = Debug|Any CPU
		{9661600F-9E2E-EC39-AFA2-64DBC15CE967}.Release|Any CPU.ActiveCfg = Release|Any CPU
		{9661600F-9E2E-EC39-AFA2-64DBC15CE967}.Release|Any CPU.Build.0 = Release|Any CPU
		{0F3FA7DD-FFE5-40CB-8A86-D63744815939}.Debug|Any CPU.ActiveCfg = Debug|Any CPU
		{0F3FA7DD-FFE5-40CB-8A86-D63744815939}.Debug|Any CPU.Build.0 = Debug|Any CPU
		{0F3FA7DD-FFE5-40CB-8A86-D63744815939}.Release|Any CPU.ActiveCfg = Release|Any CPU
		{0F3FA7DD-FFE5-40CB-8A86-D63744815939}.Release|Any CPU.Build.0 = Release|Any CPU
		{2DCD27AA-EDCA-4C72-9878-2170C869EA53}.Debug|Any CPU.ActiveCfg = Debug|Any CPU
		{2DCD27AA-EDCA-4C72-9878-2170C869EA53}.Debug|Any CPU.Build.0 = Debug|Any CPU
		{2DCD27AA-EDCA-4C72-9878-2170C869EA53}.Release|Any CPU.ActiveCfg = Release|Any CPU
		{2DCD27AA-EDCA-4C72-9878-2170C869EA53}.Release|Any CPU.Build.0 = Release|Any CPU
		{7444CDB9-AE51-0799-334F-264260487F44}.Debug|Any CPU.ActiveCfg = Debug|Any CPU
		{7444CDB9-AE51-0799-334F-264260487F44}.Debug|Any CPU.Build.0 = Debug|Any CPU
		{7444CDB9-AE51-0799-334F-264260487F44}.Release|Any CPU.ActiveCfg = Release|Any CPU
		{7444CDB9-AE51-0799-334F-264260487F44}.Release|Any CPU.Build.0 = Release|Any CPU
		{0BB33682-F356-4469-8BE3-B76BC8D5B456}.Debug|Any CPU.ActiveCfg = Debug|Any CPU
		{0BB33682-F356-4469-8BE3-B76BC8D5B456}.Debug|Any CPU.Build.0 = Debug|Any CPU
		{0BB33682-F356-4469-8BE3-B76BC8D5B456}.Release|Any CPU.ActiveCfg = Release|Any CPU
		{0BB33682-F356-4469-8BE3-B76BC8D5B456}.Release|Any CPU.Build.0 = Release|Any CPU
		{1B154320-520B-4BB1-B982-628841C9D34A}.Debug|Any CPU.ActiveCfg = Debug|Any CPU
		{1B154320-520B-4BB1-B982-628841C9D34A}.Debug|Any CPU.Build.0 = Debug|Any CPU
		{1B154320-520B-4BB1-B982-628841C9D34A}.Release|Any CPU.ActiveCfg = Release|Any CPU
		{1B154320-520B-4BB1-B982-628841C9D34A}.Release|Any CPU.Build.0 = Release|Any CPU
		{22736329-D662-8EB0-EAA0-613461B8CE86}.Debug|Any CPU.ActiveCfg = Debug|Any CPU
		{22736329-D662-8EB0-EAA0-613461B8CE86}.Debug|Any CPU.Build.0 = Debug|Any CPU
		{22736329-D662-8EB0-EAA0-613461B8CE86}.Release|Any CPU.ActiveCfg = Release|Any CPU
		{22736329-D662-8EB0-EAA0-613461B8CE86}.Release|Any CPU.Build.0 = Release|Any CPU
		{A3ACA33D-6226-7668-2993-2FC9EA8C783B}.Debug|Any CPU.ActiveCfg = Debug|Any CPU
		{A3ACA33D-6226-7668-2993-2FC9EA8C783B}.Debug|Any CPU.Build.0 = Debug|Any CPU
		{A3ACA33D-6226-7668-2993-2FC9EA8C783B}.Release|Any CPU.ActiveCfg = Release|Any CPU
		{A3ACA33D-6226-7668-2993-2FC9EA8C783B}.Release|Any CPU.Build.0 = Release|Any CPU
		{44F41016-9AFE-45B0-9286-256096001E3B}.Debug|Any CPU.ActiveCfg = Debug|Any CPU
		{44F41016-9AFE-45B0-9286-256096001E3B}.Debug|Any CPU.Build.0 = Debug|Any CPU
		{44F41016-9AFE-45B0-9286-256096001E3B}.Release|Any CPU.ActiveCfg = Release|Any CPU
		{44F41016-9AFE-45B0-9286-256096001E3B}.Release|Any CPU.Build.0 = Release|Any CPU
		{8A661BE5-6B07-4934-8B4E-BBF38AF87B66}.Debug|Any CPU.ActiveCfg = Debug|Any CPU
		{8A661BE5-6B07-4934-8B4E-BBF38AF87B66}.Debug|Any CPU.Build.0 = Debug|Any CPU
		{8A661BE5-6B07-4934-8B4E-BBF38AF87B66}.Release|Any CPU.ActiveCfg = Release|Any CPU
		{8A661BE5-6B07-4934-8B4E-BBF38AF87B66}.Release|Any CPU.Build.0 = Release|Any CPU
		{4F4155B3-BB0F-4041-A4AF-736950AC7357}.Debug|Any CPU.ActiveCfg = Debug|Any CPU
		{4F4155B3-BB0F-4041-A4AF-736950AC7357}.Debug|Any CPU.Build.0 = Debug|Any CPU
		{4F4155B3-BB0F-4041-A4AF-736950AC7357}.Release|Any CPU.ActiveCfg = Release|Any CPU
		{4F4155B3-BB0F-4041-A4AF-736950AC7357}.Release|Any CPU.Build.0 = Release|Any CPU
		{ADCF6E14-5716-44D0-B7CC-CFB2D7353A55}.Debug|Any CPU.ActiveCfg = Debug|Any CPU
		{ADCF6E14-5716-44D0-B7CC-CFB2D7353A55}.Debug|Any CPU.Build.0 = Debug|Any CPU
		{ADCF6E14-5716-44D0-B7CC-CFB2D7353A55}.Release|Any CPU.ActiveCfg = Release|Any CPU
		{ADCF6E14-5716-44D0-B7CC-CFB2D7353A55}.Release|Any CPU.Build.0 = Release|Any CPU
		{766DC129-B7E6-6BE5-67FF-02794A6C9D6A}.Debug|Any CPU.ActiveCfg = Debug|Any CPU
		{766DC129-B7E6-6BE5-67FF-02794A6C9D6A}.Debug|Any CPU.Build.0 = Debug|Any CPU
		{766DC129-B7E6-6BE5-67FF-02794A6C9D6A}.Release|Any CPU.ActiveCfg = Release|Any CPU
		{766DC129-B7E6-6BE5-67FF-02794A6C9D6A}.Release|Any CPU.Build.0 = Release|Any CPU
		{E87EF9FA-680C-49E1-B4C1-5CA3815284CF}.Debug|Any CPU.ActiveCfg = Debug|Any CPU
		{E87EF9FA-680C-49E1-B4C1-5CA3815284CF}.Debug|Any CPU.Build.0 = Debug|Any CPU
		{E87EF9FA-680C-49E1-B4C1-5CA3815284CF}.Release|Any CPU.ActiveCfg = Release|Any CPU
		{E87EF9FA-680C-49E1-B4C1-5CA3815284CF}.Release|Any CPU.Build.0 = Release|Any CPU
		{8758FBDB-9295-0DA5-31B6-DA01667F06FB}.Debug|Any CPU.ActiveCfg = Debug|Any CPU
		{8758FBDB-9295-0DA5-31B6-DA01667F06FB}.Debug|Any CPU.Build.0 = Debug|Any CPU
		{8758FBDB-9295-0DA5-31B6-DA01667F06FB}.Release|Any CPU.ActiveCfg = Release|Any CPU
		{8758FBDB-9295-0DA5-31B6-DA01667F06FB}.Release|Any CPU.Build.0 = Release|Any CPU
		{3149AAE5-0505-4B30-8CC6-3E7AD25B5D76}.Debug|Any CPU.ActiveCfg = Debug|Any CPU
		{3149AAE5-0505-4B30-8CC6-3E7AD25B5D76}.Debug|Any CPU.Build.0 = Debug|Any CPU
		{3149AAE5-0505-4B30-8CC6-3E7AD25B5D76}.Release|Any CPU.ActiveCfg = Release|Any CPU
		{3149AAE5-0505-4B30-8CC6-3E7AD25B5D76}.Release|Any CPU.Build.0 = Release|Any CPU
		{E4E798CB-51C6-4536-BF73-3F52D3B2DF87}.Debug|Any CPU.ActiveCfg = Debug|Any CPU
		{E4E798CB-51C6-4536-BF73-3F52D3B2DF87}.Debug|Any CPU.Build.0 = Debug|Any CPU
		{E4E798CB-51C6-4536-BF73-3F52D3B2DF87}.Release|Any CPU.ActiveCfg = Release|Any CPU
		{E4E798CB-51C6-4536-BF73-3F52D3B2DF87}.Release|Any CPU.Build.0 = Release|Any CPU
		{09D01F2D-A9C1-7ADF-ACF0-6CE8655624B3}.Debug|Any CPU.ActiveCfg = Debug|Any CPU
		{09D01F2D-A9C1-7ADF-ACF0-6CE8655624B3}.Debug|Any CPU.Build.0 = Debug|Any CPU
		{09D01F2D-A9C1-7ADF-ACF0-6CE8655624B3}.Release|Any CPU.ActiveCfg = Release|Any CPU
		{09D01F2D-A9C1-7ADF-ACF0-6CE8655624B3}.Release|Any CPU.Build.0 = Release|Any CPU
		{B8441293-5D7D-B752-6216-4C5005BF772D}.Debug|Any CPU.ActiveCfg = Debug|Any CPU
		{B8441293-5D7D-B752-6216-4C5005BF772D}.Debug|Any CPU.Build.0 = Debug|Any CPU
		{B8441293-5D7D-B752-6216-4C5005BF772D}.Release|Any CPU.ActiveCfg = Release|Any CPU
		{B8441293-5D7D-B752-6216-4C5005BF772D}.Release|Any CPU.Build.0 = Release|Any CPU
		{D7F347E4-C87C-CC1A-89F8-6D28A7CCB4B3}.Debug|Any CPU.ActiveCfg = Debug|Any CPU
		{D7F347E4-C87C-CC1A-89F8-6D28A7CCB4B3}.Debug|Any CPU.Build.0 = Debug|Any CPU
		{D7F347E4-C87C-CC1A-89F8-6D28A7CCB4B3}.Release|Any CPU.ActiveCfg = Release|Any CPU
		{D7F347E4-C87C-CC1A-89F8-6D28A7CCB4B3}.Release|Any CPU.Build.0 = Release|Any CPU
		{9DE3EEFB-1640-4307-B456-4D3BBE590722}.Debug|Any CPU.ActiveCfg = Debug|Any CPU
		{9DE3EEFB-1640-4307-B456-4D3BBE590722}.Debug|Any CPU.Build.0 = Debug|Any CPU
		{9DE3EEFB-1640-4307-B456-4D3BBE590722}.Release|Any CPU.ActiveCfg = Release|Any CPU
		{9DE3EEFB-1640-4307-B456-4D3BBE590722}.Release|Any CPU.Build.0 = Release|Any CPU
		{C8916E28-EDCA-48EE-9577-46D0E722FC7B}.Debug|Any CPU.ActiveCfg = Debug|Any CPU
		{C8916E28-EDCA-48EE-9577-46D0E722FC7B}.Debug|Any CPU.Build.0 = Debug|Any CPU
		{C8916E28-EDCA-48EE-9577-46D0E722FC7B}.Release|Any CPU.ActiveCfg = Release|Any CPU
		{C8916E28-EDCA-48EE-9577-46D0E722FC7B}.Release|Any CPU.Build.0 = Release|Any CPU
		{D1C3628D-6B4C-443B-8355-E48F161662E6}.Debug|Any CPU.ActiveCfg = Debug|Any CPU
		{D1C3628D-6B4C-443B-8355-E48F161662E6}.Debug|Any CPU.Build.0 = Debug|Any CPU
		{D1C3628D-6B4C-443B-8355-E48F161662E6}.Release|Any CPU.ActiveCfg = Release|Any CPU
		{D1C3628D-6B4C-443B-8355-E48F161662E6}.Release|Any CPU.Build.0 = Release|Any CPU
		{44894D55-7167-4CE9-B7FF-AB9429B7F982}.Debug|Any CPU.ActiveCfg = Debug|Any CPU
		{44894D55-7167-4CE9-B7FF-AB9429B7F982}.Debug|Any CPU.Build.0 = Debug|Any CPU
		{44894D55-7167-4CE9-B7FF-AB9429B7F982}.Release|Any CPU.ActiveCfg = Release|Any CPU
		{44894D55-7167-4CE9-B7FF-AB9429B7F982}.Release|Any CPU.Build.0 = Release|Any CPU
		{06898B8A-CC27-A1B2-69C8-89831A372D7F}.Debug|Any CPU.ActiveCfg = Debug|Any CPU
		{06898B8A-CC27-A1B2-69C8-89831A372D7F}.Debug|Any CPU.Build.0 = Debug|Any CPU
		{06898B8A-CC27-A1B2-69C8-89831A372D7F}.Release|Any CPU.ActiveCfg = Release|Any CPU
		{06898B8A-CC27-A1B2-69C8-89831A372D7F}.Release|Any CPU.Build.0 = Release|Any CPU
	EndGlobalSection
	GlobalSection(SolutionProperties) = preSolution
		HideSolutionNode = FALSE
	EndGlobalSection
	GlobalSection(NestedProjects) = preSolution
		{B0FE59DE-3897-4B8F-B8E0-E7F3F5D50A6F} = {DDB4EF12-CC4E-5E88-E6FC-71A802F4DE97}
		{D0F00D84-AD20-C5D6-67FE-85D6CB59A7CE} = {DDB4EF12-CC4E-5E88-E6FC-71A802F4DE97}
		{EB11C1AF-3BBE-9D8B-B13B-CEF382F22312} = {DDB4EF12-CC4E-5E88-E6FC-71A802F4DE97}
		{32852B25-1804-4A72-A3E8-54AEC34FAC4F} = {4A91A97A-49DB-4F2C-AF4D-375A5BED1555}
		{A5211B12-86D6-4DB6-B5D0-B2864F7A42A1} = {4A91A97A-49DB-4F2C-AF4D-375A5BED1555}
		{7DEFDC06-68A4-4F23-9ABC-246B9F69F381} = {D6022713-1225-48B5-A892-A7BB49D66F29}
		{F65FAF9D-A868-4AB7-8BDB-36DB5ECD62A5} = {7DEFDC06-68A4-4F23-9ABC-246B9F69F381}
		{653317A4-79C4-4AA7-8569-86FD6C558A2C} = {4A91A97A-49DB-4F2C-AF4D-375A5BED1555}
		{B11857AF-4343-4E64-92E9-4423DAA84995} = {653317A4-79C4-4AA7-8569-86FD6C558A2C}
		{48A13E91-C95F-4212-9449-A9510173B009} = {4A91A97A-49DB-4F2C-AF4D-375A5BED1555}
		{EC0FF1E3-2C99-4CF5-82C0-081ABB972AE3} = {48A13E91-C95F-4212-9449-A9510173B009}
		{821259F8-80B7-44ED-89E9-B6216F61AAA6} = {48A13E91-C95F-4212-9449-A9510173B009}
		{06BE2617-BC89-4240-B6B8-81F2C0A536FB} = {9DA663AC-2D9E-42A5-9A61-EF358188B05A}
		{88914CBE-FD70-455E-9748-8AD6D2004C10} = {06BE2617-BC89-4240-B6B8-81F2C0A536FB}
		{D0767246-B77D-49E7-B633-86A53A8FB68B} = {06BE2617-BC89-4240-B6B8-81F2C0A536FB}
		{74E68458-35F8-4F56-8781-AC7BC8D6871D} = {9DA663AC-2D9E-42A5-9A61-EF358188B05A}
		{72534389-8787-4797-9A71-73D5EAECFE0D} = {74E68458-35F8-4F56-8781-AC7BC8D6871D}
		{9661600F-9E2E-EC39-AFA2-64DBC15CE967} = {74E68458-35F8-4F56-8781-AC7BC8D6871D}
		{40227E78-9863-4634-82D7-A6D594EA6CD5} = {D6022713-1225-48B5-A892-A7BB49D66F29}
		{0F3FA7DD-FFE5-40CB-8A86-D63744815939} = {40227E78-9863-4634-82D7-A6D594EA6CD5}
		{3E0F6524-4F9C-4B13-9244-6C2509E511DF} = {D6022713-1225-48B5-A892-A7BB49D66F29}
		{2DCD27AA-EDCA-4C72-9878-2170C869EA53} = {3E0F6524-4F9C-4B13-9244-6C2509E511DF}
		{7444CDB9-AE51-0799-334F-264260487F44} = {3E0F6524-4F9C-4B13-9244-6C2509E511DF}
		{D8FCAFE3-7E89-4B94-91E4-975C15A59D06} = {7F20354B-2D38-4754-ACE7-AC043F9BA6E9}
		{0BB33682-F356-4469-8BE3-B76BC8D5B456} = {D8FCAFE3-7E89-4B94-91E4-975C15A59D06}
		{D69E0556-7426-478E-BC88-255ED15F21A0} = {7F20354B-2D38-4754-ACE7-AC043F9BA6E9}
		{1B154320-520B-4BB1-B982-628841C9D34A} = {D69E0556-7426-478E-BC88-255ED15F21A0}
		{45446F3B-9051-4776-A30C-2C2E2E059078} = {7F20354B-2D38-4754-ACE7-AC043F9BA6E9}
		{22736329-D662-8EB0-EAA0-613461B8CE86} = {45446F3B-9051-4776-A30C-2C2E2E059078}
		{A3ACA33D-6226-7668-2993-2FC9EA8C783B} = {45446F3B-9051-4776-A30C-2C2E2E059078}
		{44F41016-9AFE-45B0-9286-256096001E3B} = {45446F3B-9051-4776-A30C-2C2E2E059078}
		{1767C7E7-FAF0-4E2D-8B84-BC8042FCAF43} = {41310E80-CA08-43D7-8B2C-69D1ED8D462B}
		{8A661BE5-6B07-4934-8B4E-BBF38AF87B66} = {1767C7E7-FAF0-4E2D-8B84-BC8042FCAF43}
		{144DAD86-AF2C-4FE4-A223-407BB4B56EE5} = {41310E80-CA08-43D7-8B2C-69D1ED8D462B}
		{4F4155B3-BB0F-4041-A4AF-736950AC7357} = {144DAD86-AF2C-4FE4-A223-407BB4B56EE5}
		{ADCF6E14-5716-44D0-B7CC-CFB2D7353A55} = {144DAD86-AF2C-4FE4-A223-407BB4B56EE5}
		{766DC129-B7E6-6BE5-67FF-02794A6C9D6A} = {144DAD86-AF2C-4FE4-A223-407BB4B56EE5}
		{7CD41C63-28D8-40E8-B2DD-EFA78641A040} = {41310E80-CA08-43D7-8B2C-69D1ED8D462B}
		{E87EF9FA-680C-49E1-B4C1-5CA3815284CF} = {7CD41C63-28D8-40E8-B2DD-EFA78641A040}
		{8758FBDB-9295-0DA5-31B6-DA01667F06FB} = {144DAD86-AF2C-4FE4-A223-407BB4B56EE5}
		{E14B0FF8-9DDB-4054-A219-6DEC583F102D} = {558F1C6E-3523-49C2-A4B4-84DF757BD51D}
		{3149AAE5-0505-4B30-8CC6-3E7AD25B5D76} = {558F1C6E-3523-49C2-A4B4-84DF757BD51D}
		{E4E798CB-51C6-4536-BF73-3F52D3B2DF87} = {E14B0FF8-9DDB-4054-A219-6DEC583F102D}
		{09D01F2D-A9C1-7ADF-ACF0-6CE8655624B3} = {E14B0FF8-9DDB-4054-A219-6DEC583F102D}
		{B8441293-5D7D-B752-6216-4C5005BF772D} = {48124002-8FAB-4972-AADE-0BF9A331A7D2}
		{D7F347E4-C87C-CC1A-89F8-6D28A7CCB4B3} = {48124002-8FAB-4972-AADE-0BF9A331A7D2}
		{9DE3EEFB-1640-4307-B456-4D3BBE590722} = {7AE10522-0016-4C63-8B2E-3DE58C44447C}
		{C8916E28-EDCA-48EE-9577-46D0E722FC7B} = {7AE10522-0016-4C63-8B2E-3DE58C44447C}
		{D1C3628D-6B4C-443B-8355-E48F161662E6} = {7AE10522-0016-4C63-8B2E-3DE58C44447C}
		{2338BAF3-C51E-4B0C-AAAA-1C597D9107B9} = {7AE10522-0016-4C63-8B2E-3DE58C44447C}
		{44894D55-7167-4CE9-B7FF-AB9429B7F982} = {2338BAF3-C51E-4B0C-AAAA-1C597D9107B9}
		{06898B8A-CC27-A1B2-69C8-89831A372D7F} = {2338BAF3-C51E-4B0C-AAAA-1C597D9107B9}
	EndGlobalSection
	GlobalSection(ExtensibilityGlobals) = postSolution
		SolutionGuid = {B5F3DCFB-7055-441A-B477-34BDE78BB845}
	EndGlobalSection
EndGlobal
